
Microsoft Visual Studio Solution File, Format Version 12.00
# Visual Studio Version 17
VisualStudioVersion = 17.8.34525.116
MinimumVisualStudioVersion = 10.0.40219.1
Project("{FAE04EC0-301F-11D3-BF4B-00C04F79EFBC}") = "Last", "Last\Last\Last.csproj", "{9DF30FBC-16F4-4145-A706-ADC2EFEFFA0D}"
EndProject
Project("{FAE04EC0-301F-11D3-BF4B-00C04F79EFBC}") = "Last.Client", "Last\Last.Client\Last.Client.csproj", "{BB75AB5C-86D5-4344-A5D6-EC8582CE00A2}"
EndProject
Global
	GlobalSection(SolutionConfigurationPlatforms) = preSolution
		Debug|Any CPU = Debug|Any CPU
		Release|Any CPU = Release|Any CPU
	EndGlobalSection
	GlobalSection(ProjectConfigurationPlatforms) = postSolution
		{9DF30FBC-16F4-4145-A706-ADC2EFEFFA0D}.Debug|Any CPU.ActiveCfg = Debug|Any CPU
		{9DF30FBC-16F4-4145-A706-ADC2EFEFFA0D}.Debug|Any CPU.Build.0 = Debug|Any CPU
		{9DF30FBC-16F4-4145-A706-ADC2EFEFFA0D}.Release|Any CPU.ActiveCfg = Release|Any CPU
		{9DF30FBC-16F4-4145-A706-ADC2EFEFFA0D}.Release|Any CPU.Build.0 = Release|Any CPU
		{BB75AB5C-86D5-4344-A5D6-EC8582CE00A2}.Debug|Any CPU.ActiveCfg = Debug|Any CPU
		{BB75AB5C-86D5-4344-A5D6-EC8582CE00A2}.Debug|Any CPU.Build.0 = Debug|Any CPU
		{BB75AB5C-86D5-4344-A5D6-EC8582CE00A2}.Release|Any CPU.ActiveCfg = Release|Any CPU
		{BB75AB5C-86D5-4344-A5D6-EC8582CE00A2}.Release|Any CPU.Build.0 = Release|Any CPU
	EndGlobalSection
	GlobalSection(SolutionProperties) = preSolution
		HideSolutionNode = FALSE
	EndGlobalSection
	GlobalSection(ExtensibilityGlobals) = postSolution
		SolutionGuid = {8BE2298F-DF50-4190-9B49-F18220EEB443}
	EndGlobalSection
EndGlobal
